{
  "name": "ggj2023",
  "lockfileVersion": 2,
  "requires": true,
  "packages": {
    "": {
      "dependencies": {
        "kaboom": "^3000.0.0-beta.0"
      }
    },
    "node_modules/kaboom": {
      "version": "3000.0.0-beta.0",
      "resolved": "https://registry.npmjs.org/kaboom/-/kaboom-3000.0.0-beta.0.tgz",
      "integrity": "sha512-x4cy8U6ta+nQzqleQSnN1oEmLPAa3eZ0dyFl5eNbibCWwfgfHh9PFWEik7WtnCiES7Vuzsx0unO2gdMuaabFTg=="
    }
  },
  "dependencies": {
    "kaboom": {
      "version": "3000.0.0-beta.0",
      "resolved": "https://registry.npmjs.org/kaboom/-/kaboom-3000.0.0-beta.0.tgz",
      "integrity": "sha512-x4cy8U6ta+nQzqleQSnN1oEmLPAa3eZ0dyFl5eNbibCWwfgfHh9PFWEik7WtnCiES7Vuzsx0unO2gdMuaabFTg=="
    }
  }
}
